Microsoft Visual Studio Solution File, Format Version 12.00
# Visual Studio Version 17
VisualStudioVersion = 17.5.2.0
MinimumVisualStudioVersion = 10.0.40219.1
Project("{FAE04EC0-301F-11D3-BF4B-00C04F79EFBC}") = "method", "method\method.csproj", "{58195C3D-4807-7B62-AE33-07D4998858B0}"
EndProject
Global
	GlobalSection(SolutionConfigurationPlatforms) = preSolution
		Debug|Any CPU = Debug|Any CPU
		Release|Any CPU = Release|Any CPU
	EndGlobalSection
	GlobalSection(ProjectConfigurationPlatforms) = postSolution
		{58195C3D-4807-7B62-AE33-07D4998858B0}.Debug|Any CPU.ActiveCfg = Debug|Any CPU
		{58195C3D-4807-7B62-AE33-07D4998858B0}.Debug|Any CPU.Build.0 = Debug|Any CPU
		{58195C3D-4807-7B62-AE33-07D4998858B0}.Release|Any CPU.ActiveCfg = Release|Any CPU
		{58195C3D-4807-7B62-AE33-07D4998858B0}.Release|Any CPU.Build.0 = Release|Any CPU
	EndGlobalSection
	GlobalSection(SolutionProperties) = preSolution
		HideSolutionNode = FALSE
	EndGlobalSection
	GlobalSection(ExtensibilityGlobals) = postSolution
		SolutionGuid = {3C1C0A64-1D34-417C-AEC9-DBE780942143}
	EndGlobalSection
EndGlobal
