Microsoft Visual Studio Solution File, Format Version 12.00
# Visual Studio Version 17
VisualStudioVersion = 17.5.2.0
MinimumVisualStudioVersion = 10.0.40219.1
Project("{FAE04EC0-301F-11D3-BF4B-00C04F79EFBC}") = "integer_input", "integer_input\integer_input.csproj", "{0C0753DB-4FF9-9BC0-66DD-74E8AD2AE527}"
EndProject
Global
	GlobalSection(SolutionConfigurationPlatforms) = preSolution
		Debug|Any CPU = Debug|Any CPU
		Release|Any CPU = Release|Any CPU
	EndGlobalSection
	GlobalSection(ProjectConfigurationPlatforms) = postSolution
		{0C0753DB-4FF9-9BC0-66DD-74E8AD2AE527}.Debug|Any CPU.ActiveCfg = Debug|Any CPU
		{0C0753DB-4FF9-9BC0-66DD-74E8AD2AE527}.Debug|Any CPU.Build.0 = Debug|Any CPU
		{0C0753DB-4FF9-9BC0-66DD-74E8AD2AE527}.Release|Any CPU.ActiveCfg = Release|Any CPU
		{0C0753DB-4FF9-9BC0-66DD-74E8AD2AE527}.Release|Any CPU.Build.0 = Release|Any CPU
	EndGlobalSection
	GlobalSection(SolutionProperties) = preSolution
		HideSolutionNode = FALSE
	EndGlobalSection
	GlobalSection(ExtensibilityGlobals) = postSolution
		SolutionGuid = {044793E5-09FB-45F7-8E9B-5213F24CA4D1}
	EndGlobalSection
EndGlobal
